// !$*UTF8*$!
{
	archiveVersion = 1;
	classes = {
	};
	objectVersion = 56;
	objects = {

/* Begin PBXBuildFile section */
		290C89822CECBF560047824C /* AppDelegate.swift in Sources */ = {isa = PBXBuildFile; fileRef = 290C89812CECBF560047824C /* AppDelegate.swift */; };
		290C89842CECBF560047824C /* SceneDelegate.swift in Sources */ = {isa = PBXBuildFile; fileRef = 290C89832CECBF560047824C /* SceneDelegate.swift */; };
		290C89892CECBF560047824C /* Main.storyboard in Resources */ = {isa = PBXBuildFile; fileRef = 290C89872CECBF560047824C /* Main.storyboard */; };
		290C898B2CECBF580047824C /* Assets.xcassets in Resources */ = {isa = PBXBuildFile; fileRef = 290C898A2CECBF580047824C /* Assets.xcassets */; };
		290C898E2CECBF580047824C /* LaunchScreen.storyboard in Resources */ = {isa = PBXBuildFile; fileRef = 290C898C2CECBF580047824C /* LaunchScreen.storyboard */; };
		290C89962CEDC34C0047824C /* HomeViewController.swift in Sources */ = {isa = PBXBuildFile; fileRef = 290C89952CEDC34C0047824C /* HomeViewController.swift */; };
		290C89982CEDD1090047824C /* PlannedTripCell.swift in Sources */ = {isa = PBXBuildFile; fileRef = 290C89972CEDD1090047824C /* PlannedTripCell.swift */; };
		290C89A02CEDE0990047824C /* UIViewExt.swift in Sources */ = {isa = PBXBuildFile; fileRef = 290C899F2CEDE0990047824C /* UIViewExt.swift */; };
		290C89A42CEDF8AC0047824C /* FSCalendar in Frameworks */ = {isa = PBXBuildFile; productRef = 290C89A32CEDF8AC0047824C /* FSCalendar */; };
		290C89A72CEDF9080047824C /* DatePickerController.swift in Sources */ = {isa = PBXBuildFile; fileRef = 290C89A62CEDF9080047824C /* DatePickerController.swift */; };
		290C89A92CEE0FED0047824C /* CreateTripDetailsViewController.swift in Sources */ = {isa = PBXBuildFile; fileRef = 290C89A82CEE0FED0047824C /* CreateTripDetailsViewController.swift */; };
		290C89AC2CEE1DD00047824C /* PaddedTextField.swift in Sources */ = {isa = PBXBuildFile; fileRef = 290C89AB2CEE1DD00047824C /* PaddedTextField.swift */; };
		290C89AE2CEE22280047824C /* TripLocationViewController.swift in Sources */ = {isa = PBXBuildFile; fileRef = 290C89AD2CEE22280047824C /* TripLocationViewController.swift */; };
		290C89B02CEE29C20047824C /* AirportCell.swift in Sources */ = {isa = PBXBuildFile; fileRef = 290C89AF2CEE29C20047824C /* AirportCell.swift */; };
		290C89B32CEE2A170047824C /* Airport.swift in Sources */ = {isa = PBXBuildFile; fileRef = 290C89B22CEE2A170047824C /* Airport.swift */; };
		290C89B52CEE421E0047824C /* TripDetailsViewController.swift in Sources */ = {isa = PBXBuildFile; fileRef = 290C89B42CEE421E0047824C /* TripDetailsViewController.swift */; };
/* End PBXBuildFile section */

/* Begin PBXFileReference section */
		290C897E2CECBF560047824C /* VoyatekGroupAssessment.app */ = {isa = PBXFileReference; explicitFileType = wrapper.application; includeInIndex = 0; path = VoyatekGroupAssessment.app; sourceTree = BUILT_PRODUCTS_DIR; };
		290C89812CECBF560047824C /* AppDelegate.swift */ = {isa = PBXFileReference; lastKnownFileType = sourcecode.swift; path = AppDelegate.swift; sourceTree = "<group>"; };
		290C89832CECBF560047824C /* SceneDelegate.swift */ = {isa = PBXFileReference; lastKnownFileType = sourcecode.swift; path = SceneDelegate.swift; sourceTree = "<group>"; };
		290C89882CECBF560047824C /* Base */ = {isa = PBXFileReference; lastKnownFileType = file.storyboard; name = Base; path = Base.lproj/Main.storyboard; sourceTree = "<group>"; };
		290C898A2CECBF580047824C /* Assets.xcassets */ = {isa = PBXFileReference; lastKnownFileType = folder.assetcatalog; path = Assets.xcassets; sourceTree = "<group>"; };
		290C898D2CECBF580047824C /* Base */ = {isa = PBXFileReference; lastKnownFileType = file.storyboard; name = Base; path = Base.lproj/LaunchScreen.storyboard; sourceTree = "<group>"; };
		290C898F2CECBF580047824C /* Info.plist */ = {isa = PBXFileReference; lastKnownFileType = text.plist.xml; path = Info.plist; sourceTree = "<group>"; };
		290C89952CEDC34C0047824C /* HomeViewController.swift */ = {isa = PBXFileReference; lastKnownFileType = sourcecode.swift; path = HomeViewController.swift; sourceTree = "<group>"; };
		290C89972CEDD1090047824C /* PlannedTripCell.swift */ = {isa = PBXFileReference; lastKnownFileType = sourcecode.swift; path = PlannedTripCell.swift; sourceTree = "<group>"; };
		290C899F2CEDE0990047824C /* UIViewExt.swift */ = {isa = PBXFileReference; lastKnownFileType = sourcecode.swift; path = UIViewExt.swift; sourceTree = "<group>"; };
		290C89A62CEDF9080047824C /* DatePickerController.swift */ = {isa = PBXFileReference; lastKnownFileType = sourcecode.swift; path = DatePickerController.swift; sourceTree = "<group>"; };
		290C89A82CEE0FED0047824C /* CreateTripDetailsViewController.swift */ = {isa = PBXFileReference; lastKnownFileType = sourcecode.swift; path = CreateTripDetailsViewController.swift; sourceTree = "<group>"; };
		290C89AB2CEE1DD00047824C /* PaddedTextField.swift */ = {isa = PBXFileReference; lastKnownFileType = sourcecode.swift; path = PaddedTextField.swift; sourceTree = "<group>"; };
		290C89AD2CEE22280047824C /* TripLocationViewController.swift */ = {isa = PBXFileReference; lastKnownFileType = sourcecode.swift; path = TripLocationViewController.swift; sourceTree = "<group>"; };
		290C89AF2CEE29C20047824C /* AirportCell.swift */ = {isa = PBXFileReference; lastKnownFileType = sourcecode.swift; path = AirportCell.swift; sourceTree = "<group>"; };
		290C89B22CEE2A170047824C /* Airport.swift */ = {isa = PBXFileReference; lastKnownFileType = sourcecode.swift; path = Airport.swift; sourceTree = "<group>"; };
		290C89B42CEE421E0047824C /* TripDetailsViewController.swift */ = {isa = PBXFileReference; lastKnownFileType = sourcecode.swift; path = TripDetailsViewController.swift; sourceTree = "<group>"; };
/* End PBXFileReference section */

/* Begin PBXFrameworksBuildPhase section */
		290C897B2CECBF560047824C /* Frameworks */ = {
			isa = PBXFrameworksBuildPhase;
			buildActionMask = 2147483647;
			files = (
				290C89A42CEDF8AC0047824C /* FSCalendar in Frameworks */,
			);
			runOnlyForDeploymentPostprocessing = 0;
		};
/* End PBXFrameworksBuildPhase section */

/* Begin PBXGroup section */
		290C89752CECBF560047824C = {
			isa = PBXGroup;
			children = (
				290C89802CECBF560047824C /* VoyatekGroupAssessment */,
				290C897F2CECBF560047824C /* Products */,
			);
			sourceTree = "<group>";
		};
		290C897F2CECBF560047824C /* Products */ = {
			isa = PBXGroup;
			children = (
				290C897E2CECBF560047824C /* VoyatekGroupAssessment.app */,
			);
			name = Products;
			sourceTree = "<group>";
		};
		290C89802CECBF560047824C /* VoyatekGroupAssessment */ = {
			isa = PBXGroup;
			children = (
				290C89A12CEDF2B10047824C /* Core */,
				290C89812CECBF560047824C /* AppDelegate.swift */,
				290C89832CECBF560047824C /* SceneDelegate.swift */,
				290C898A2CECBF580047824C /* Assets.xcassets */,
				290C898C2CECBF580047824C /* LaunchScreen.storyboard */,
				290C898F2CECBF580047824C /* Info.plist */,
			);
			path = VoyatekGroupAssessment;
			sourceTree = "<group>";
		};
		290C89992CEDD7710047824C /* Helpers */ = {
			isa = PBXGroup;
			children = (
				290C89AA2CEE1DAD0047824C /* Components */,
				290C899E2CEDE0870047824C /* Extensions */,
			);
			path = Helpers;
			sourceTree = "<group>";
		};
		290C899E2CEDE0870047824C /* Extensions */ = {
			isa = PBXGroup;
			children = (
				290C899F2CEDE0990047824C /* UIViewExt.swift */,
			);
			path = Extensions;
			sourceTree = "<group>";
		};
		290C89A12CEDF2B10047824C /* Core */ = {
			isa = PBXGroup;
			children = (
				290C89B12CEE2A080047824C /* Models */,
				290C89A52CEDF8CC0047824C /* Screens */,
				290C89992CEDD7710047824C /* Helpers */,
				290C89872CECBF560047824C /* Main.storyboard */,
				290C89972CEDD1090047824C /* PlannedTripCell.swift */,
				290C89AF2CEE29C20047824C /* AirportCell.swift */,
			);
			path = Core;
			sourceTree = "<group>";
		};
		290C89A52CEDF8CC0047824C /* Screens */ = {
			isa = PBXGroup;
			children = (
				290C89952CEDC34C0047824C /* HomeViewController.swift */,
				290C89A62CEDF9080047824C /* DatePickerController.swift */,
				290C89A82CEE0FED0047824C /* CreateTripDetailsViewController.swift */,
				290C89AD2CEE22280047824C /* TripLocationViewController.swift */,
				290C89B42CEE421E0047824C /* TripDetailsViewController.swift */,
			);
			path = Screens;
			sourceTree = "<group>";
		};
		290C89AA2CEE1DAD0047824C /* Components */ = {
			isa = PBXGroup;
			children = (
				290C89AB2CEE1DD00047824C /* PaddedTextField.swift */,
			);
			path = Components;
			sourceTree = "<group>";
		};
		290C89B12CEE2A080047824C /* Models */ = {
			isa = PBXGroup;
			children = (
				290C89B22CEE2A170047824C /* Airport.swift */,
			);
			path = Models;
			sourceTree = "<group>";
		};
/* End PBXGroup section */

/* Begin PBXNativeTarget section */
		290C897D2CECBF560047824C /* VoyatekGroupAssessment */ = {
			isa = PBXNativeTarget;
			buildConfigurationList = 290C89922CECBF580047824C /* Build configuration list for PBXNativeTarget "VoyatekGroupAssessment" */;
			buildPhases = (
				290C897A2CECBF560047824C /* Sources */,
				290C897B2CECBF560047824C /* Frameworks */,
				290C897C2CECBF560047824C /* Resources */,
			);
			buildRules = (
			);
			dependencies = (
			);
			name = VoyatekGroupAssessment;
			packageProductDependencies = (
				290C89A32CEDF8AC0047824C /* FSCalendar */,
			);
			productName = VoyatekGroupAssessment;
			productReference = 290C897E2CECBF560047824C /* VoyatekGroupAssessment.app */;
			productType = "com.apple.product-type.application";
		};
/* End PBXNativeTarget section */

/* Begin PBXProject section */
		290C89762CECBF560047824C /* Project object */ = {
			isa = PBXProject;
			attributes = {
				BuildIndependentTargetsInParallel = 1;
				LastSwiftUpdateCheck = 1520;
				LastUpgradeCheck = 1520;
				TargetAttributes = {
					290C897D2CECBF560047824C = {
						CreatedOnToolsVersion = 15.2;
					};
				};
			};
			buildConfigurationList = 290C89792CECBF560047824C /* Build configuration list for PBXProject "VoyatekGroupAssessment" */;
			compatibilityVersion = "Xcode 14.0";
			developmentRegion = en;
			hasScannedForEncodings = 0;
			knownRegions = (
				en,
				Base,
			);
			mainGroup = 290C89752CECBF560047824C;
			packageReferences = (
				290C89A22CEDF8AC0047824C /* XCRemoteSwiftPackageReference "FSCalendar" */,
			);
			productRefGroup = 290C897F2CECBF560047824C /* Products */;
			projectDirPath = "";
			projectRoot = "";
			targets = (
				290C897D2CECBF560047824C /* VoyatekGroupAssessment */,
			);
		};
/* End PBXProject section */

/* Begin PBXResourcesBuildPhase section */
		290C897C2CECBF560047824C /* Resources */ = {
			isa = PBXResourcesBuildPhase;
			buildActionMask = 2147483647;
			files = (
				290C898E2CECBF580047824C /* LaunchScreen.storyboard in Resources */,
				290C898B2CECBF580047824C /* Assets.xcassets in Resources */,
				290C89892CECBF560047824C /* Main.storyboard in Resources */,
			);
			runOnlyForDeploymentPostprocessing = 0;
		};
/* End PBXResourcesBuildPhase section */

/* Begin PBXSourcesBuildPhase section */
		290C897A2CECBF560047824C /* Sources */ = {
			isa = PBXSourcesBuildPhase;
			buildActionMask = 2147483647;
			files = (
				290C89A92CEE0FED0047824C /* CreateTripDetailsViewController.swift in Sources */,
				290C89AC2CEE1DD00047824C /* PaddedTextField.swift in Sources */,
				290C89A02CEDE0990047824C /* UIViewExt.swift in Sources */,
				290C89B32CEE2A170047824C /* Airport.swift in Sources */,
				290C89822CECBF560047824C /* AppDelegate.swift in Sources */,
				290C89982CEDD1090047824C /* PlannedTripCell.swift in Sources */,
				290C89AE2CEE22280047824C /* TripLocationViewController.swift in Sources */,
				290C89A72CEDF9080047824C /* DatePickerController.swift in Sources */,
				290C89842CECBF560047824C /* SceneDelegate.swift in Sources */,
				290C89B52CEE421E0047824C /* TripDetailsViewController.swift in Sources */,
				290C89962CEDC34C0047824C /* HomeViewController.swift in Sources */,
				290C89B02CEE29C20047824C /* AirportCell.swift in Sources */,
			);
			runOnlyForDeploymentPostprocessing = 0;
		};
/* End PBXSourcesBuildPhase section */

/* Begin PBXVariantGroup section */
		290C89872CECBF560047824C /* Main.storyboard */ = {
			isa = PBXVariantGroup;
			children = (
				290C89882CECBF560047824C /* Base */,
			);
			name = Main.storyboard;
			sourceTree = "<group>";
		};
		290C898C2CECBF580047824C /* LaunchScreen.storyboard */ = {
			isa = PBXVariantGroup;
			children = (
				290C898D2CECBF580047824C /* Base */,
			);
			name = LaunchScreen.storyboard;
			sourceTree = "<group>";
		};
/* End PBXVariantGroup section */

/* Begin XCBuildConfiguration section */
		290C89902CECBF580047824C /* Debug */ = {
			isa = XCBuildConfiguration;
			buildSettings = {
				ALWAYS_SEARCH_USER_PATHS = NO;
				ASSETCATALOG_COMPILER_GENERATE_SWIFT_ASSET_SYMBOL_EXTENSIONS = YES;
				CLANG_ANALYZER_NONNULL = YES;
				CLANG_ANALYZER_NUMBER_OBJECT_CONVERSION = YES_AGGRESSIVE;
				CLANG_CXX_LANGUAGE_STANDARD = "gnu++20";
				CLANG_ENABLE_MODULES = YES;
				CLANG_ENABLE_OBJC_ARC = YES;
				CLANG_ENABLE_OBJC_WEAK = YES;
				CLANG_WARN_BLOCK_CAPTURE_AUTORELEASING = YES;
				CLANG_WARN_BOOL_CONVERSION = YES;
				CLANG_WARN_COMMA = YES;
				CLANG_WARN_CONSTANT_CONVERSION = YES;
				CLANG_WARN_DEPRECATED_OBJC_IMPLEMENTATIONS = YES;
				CLANG_WARN_DIRECT_OBJC_ISA_USAGE = YES_ERROR;
				CLANG_WARN_DOCUMENTATION_COMMENTS = YES;
				CLANG_WARN_EMPTY_BODY = YES;
				CLANG_WARN_ENUM_CONVERSION = YES;
				CLANG_WARN_INFINITE_RECURSION = YES;
				CLANG_WARN_INT_CONVERSION = YES;
				CLANG_WARN_NON_LITERAL_NULL_CONVERSION = YES;
				CLANG_WARN_OBJC_IMPLICIT_RETAIN_SELF = YES;
				CLANG_WARN_OBJC_LITERAL_CONVERSION = YES;
				CLANG_WARN_OBJC_ROOT_CLASS = YES_ERROR;
				CLANG_WARN_QUOTED_INCLUDE_IN_FRAMEWORK_HEADER = YES;
				CLANG_WARN_RANGE_LOOP_ANALYSIS = YES;
				CLANG_WARN_STRICT_PROTOTYPES = YES;
				CLANG_WARN_SUSPICIOUS_MOVE = YES;
				CLANG_WARN_UNGUARDED_AVAILABILITY = YES_AGGRESSIVE;
				CLANG_WARN_UNREACHABLE_CODE = YES;
				CLANG_WARN__DUPLICATE_METHOD_MATCH = YES;
				COPY_PHASE_STRIP = NO;
				DEBUG_INFORMATION_FORMAT = dwarf;
				ENABLE_STRICT_OBJC_MSGSEND = YES;
				ENABLE_TESTABILITY = YES;
				ENABLE_USER_SCRIPT_SANDBOXING = YES;
				GCC_C_LANGUAGE_STANDARD = gnu17;
				GCC_DYNAMIC_NO_PIC = NO;
				GCC_NO_COMMON_BLOCKS = YES;
				GCC_OPTIMIZATION_LEVEL = 0;
				GCC_PREPROCESSOR_DEFINITIONS = (
					"DEBUG=1",
					"$(inherited)",
				);
				GCC_WARN_64_TO_32_BIT_CONVERSION = YES;
				GCC_WARN_ABOUT_RETURN_TYPE = YES_ERROR;
				GCC_WARN_UNDECLARED_SELECTOR = YES;
				GCC_WARN_UNINITIALIZED_AUTOS = YES_AGGRESSIVE;
				GCC_WARN_UNUSED_FUNCTION = YES;
				GCC_WARN_UNUSED_VARIABLE = YES;
				IPHONEOS_DEPLOYMENT_TARGET = 17.2;
				LOCALIZATION_PREFERS_STRING_CATALOGS = YES;
				MTL_ENABLE_DEBUG_INFO = INCLUDE_SOURCE;
				MTL_FAST_MATH = YES;
				ONLY_ACTIVE_ARCH = YES;
				SDKROOT = iphoneos;
				SWIFT_ACTIVE_COMPILATION_CONDITIONS = "DEBUG $(inherited)";
				SWIFT_OPTIMIZATION_LEVEL = "-Onone";
			};
			name = Debug;
		};
		290C89912CECBF580047824C /* Release */ = {
			isa = XCBuildConfiguration;
			buildSettings = {
				ALWAYS_SEARCH_USER_PATHS = NO;
				ASSETCATALOG_COMPILER_GENERATE_SWIFT_ASSET_SYMBOL_EXTENSIONS = YES;
				CLANG_ANALYZER_NONNULL = YES;
				CLANG_ANALYZER_NUMBER_OBJECT_CONVERSION = YES_AGGRESSIVE;
				CLANG_CXX_LANGUAGE_STANDARD = "gnu++20";
				CLANG_ENABLE_MODULES = YES;
				CLANG_ENABLE_OBJC_ARC = YES;
				CLANG_ENABLE_OBJC_WEAK = YES;
				CLANG_WARN_BLOCK_CAPTURE_AUTORELEASING = YES;
				CLANG_WARN_BOOL_CONVERSION = YES;
				CLANG_WARN_COMMA = YES;
				CLANG_WARN_CONSTANT_CONVERSION = YES;
				CLANG_WARN_DEPRECATED_OBJC_IMPLEMENTATIONS = YES;
				CLANG_WARN_DIRECT_OBJC_ISA_USAGE = YES_ERROR;
				CLANG_WARN_DOCUMENTATION_COMMENTS = YES;
				CLANG_WARN_EMPTY_BODY = YES;
				CLANG_WARN_ENUM_CONVERSION = YES;
				CLANG_WARN_INFINITE_RECURSION = YES;
				CLANG_WARN_INT_CONVERSION = YES;
				CLANG_WARN_NON_LITERAL_NULL_CONVERSION = YES;
				CLANG_WARN_OBJC_IMPLICIT_RETAIN_SELF = YES;
				CLANG_WARN_OBJC_LITERAL_CONVERSION = YES;
				CLANG_WARN_OBJC_ROOT_CLASS = YES_ERROR;
				CLANG_WARN_QUOTED_INCLUDE_IN_FRAMEWORK_HEADER = YES;
				CLANG_WARN_RANGE_LOOP_ANALYSIS = YES;
				CLANG_WARN_STRICT_PROTOTYPES = YES;
				CLANG_WARN_SUSPICIOUS_MOVE = YES;
				CLANG_WARN_UNGUARDED_AVAILABILITY = YES_AGGRESSIVE;
				CLANG_WARN_UNREACHABLE_CODE = YES;
				CLANG_WARN__DUPLICATE_METHOD_MATCH = YES;
				COPY_PHASE_STRIP = NO;
				DEBUG_INFORMATION_FORMAT = "dwarf-with-dsym";
				ENABLE_NS_ASSERTIONS = NO;
				ENABLE_STRICT_OBJC_MSGSEND = YES;
				ENABLE_USER_SCRIPT_SANDBOXING = YES;
				GCC_C_LANGUAGE_STANDARD = gnu17;
				GCC_NO_COMMON_BLOCKS = YES;
				GCC_WARN_64_TO_32_BIT_CONVERSION = YES;
				GCC_WARN_ABOUT_RETURN_TYPE = YES_ERROR;
				GCC_WARN_UNDECLARED_SELECTOR = YES;
				GCC_WARN_UNINITIALIZED_AUTOS = YES_AGGRESSIVE;
				GCC_WARN_UNUSED_FUNCTION = YES;
				GCC_WARN_UNUSED_VARIABLE = YES;
				IPHONEOS_DEPLOYMENT_TARGET = 17.2;
				LOCALIZATION_PREFERS_STRING_CATALOGS = YES;
				MTL_ENABLE_DEBUG_INFO = NO;
				MTL_FAST_MATH = YES;
				SDKROOT = iphoneos;
				SWIFT_COMPILATION_MODE = wholemodule;
				VALIDATE_PRODUCT = YES;
			};
			name = Release;
		};
		290C89932CECBF580047824C /* Debug */ = {
			isa = XCBuildConfiguration;
			buildSettings = {
				ASSETCATALOG_COMPILER_APPICON_NAME = AppIcon;
				ASSETCATALOG_COMPILER_GLOBAL_ACCENT_COLOR_NAME = AccentColor;
				CODE_SIGN_STYLE = Automatic;
				CURRENT_PROJECT_VERSION = 1;
				DEVELOPMENT_TEAM = MBAC55AGH7;
				GENERATE_INFOPLIST_FILE = YES;
				INFOPLIST_FILE = VoyatekGroupAssessment/Info.plist;
				INFOPLIST_KEY_UIApplicationSupportsIndirectInputEvents = YES;
				INFOPLIST_KEY_UILaunchStoryboardName = LaunchScreen;
				INFOPLIST_KEY_UIMainStoryboardFile = Main;
				INFOPLIST_KEY_UISupportedInterfaceOrientations_iPad = "UIInterfaceOrientationPortrait UIInterfaceOrientationPortraitUpsideDown UIInterfaceOrientationLandscapeLeft UIInterfaceOrientationLandscapeRight";
				INFOPLIST_KEY_UISupportedInterfaceOrientations_iPhone = "UIInterfaceOrientationPortrait UIInterfaceOrientationLandscapeLeft UIInterfaceOrientationLandscapeRight";
				LD_RUNPATH_SEARCH_PATHS = (
					"$(inherited)",
					"@executable_path/Frameworks",
				);
				MARKETING_VERSION = 1.0;
				PRODUCT_BUNDLE_IDENTIFIER = com.nas.VoyatekGroupAssessment;
				PRODUCT_NAME = "$(TARGET_NAME)";
				SWIFT_EMIT_LOC_STRINGS = YES;
				SWIFT_VERSION = 5.0;
				TARGETED_DEVICE_FAMILY = "1,2";
			};
			name = Debug;
		};
		290C89942CECBF580047824C /* Release */ = {
			isa = XCBuildConfiguration;
			buildSettings = {
				ASSETCATALOG_COMPILER_APPICON_NAME = AppIcon;
				ASSETCATALOG_COMPILER_GLOBAL_ACCENT_COLOR_NAME = AccentColor;
				CODE_SIGN_STYLE = Automatic;
				CURRENT_PROJECT_VERSION = 1;
				DEVELOPMENT_TEAM = MBAC55AGH7;
				GENERATE_INFOPLIST_FILE = YES;
				INFOPLIST_FILE = VoyatekGroupAssessment/Info.plist;
				INFOPLIST_KEY_UIApplicationSupportsIndirectInputEvents = YES;
				INFOPLIST_KEY_UILaunchStoryboardName = LaunchScreen;
				INFOPLIST_KEY_UIMainStoryboardFile = Main;
				INFOPLIST_KEY_UISupportedInterfaceOrientations_iPad = "UIInterfaceOrientationPortrait UIInterfaceOrientationPortraitUpsideDown UIInterfaceOrientationLandscapeLeft UIInterfaceOrientationLandscapeRight";
				INFOPLIST_KEY_UISupportedInterfaceOrientations_iPhone = "UIInterfaceOrientationPortrait UIInterfaceOrientationLandscapeLeft UIInterfaceOrientationLandscapeRight";
				LD_RUNPATH_SEARCH_PATHS = (
					"$(inherited)",
					"@executable_path/Frameworks",
				);
				MARKETING_VERSION = 1.0;
				PRODUCT_BUNDLE_IDENTIFIER = com.nas.VoyatekGroupAssessment;
				PRODUCT_NAME = "$(TARGET_NAME)";
				SWIFT_EMIT_LOC_STRINGS = YES;
				SWIFT_VERSION = 5.0;
				TARGETED_DEVICE_FAMILY = "1,2";
			};
			name = Release;
		};
/* End XCBuildConfiguration section */

/* Begin XCConfigurationList section */
		290C89792CECBF560047824C /* Build configuration list for PBXProject "VoyatekGroupAssessment" */ = {
			isa = XCConfigurationList;
			buildConfigurations = (
				290C89902CECBF580047824C /* Debug */,
				290C89912CECBF580047824C /* Release */,
			);
			defaultConfigurationIsVisible = 0;
			defaultConfigurationName = Release;
		};
		290C89922CECBF580047824C /* Build configuration list for PBXNativeTarget "VoyatekGroupAssessment" */ = {
			isa = XCConfigurationList;
			buildConfigurations = (
				290C89932CECBF580047824C /* Debug */,
				290C89942CECBF580047824C /* Release */,
			);
			defaultConfigurationIsVisible = 0;
			defaultConfigurationName = Release;
		};
/* End XCConfigurationList section */

/* Begin XCRemoteSwiftPackageReference section */
		290C89A22CEDF8AC0047824C /* XCRemoteSwiftPackageReference "FSCalendar" */ = {
			isa = XCRemoteSwiftPackageReference;
			repositoryURL = "https://github.com/WenchaoD/FSCalendar.git";
			requirement = {
				kind = upToNextMajorVersion;
				minimumVersion = 2.8.4;
			};
		};
/* End XCRemoteSwiftPackageReference section */

/* Begin XCSwiftPackageProductDependency section */
		290C89A32CEDF8AC0047824C /* FSCalendar */ = {
			isa = XCSwiftPackageProductDependency;
			package = 290C89A22CEDF8AC0047824C /* XCRemoteSwiftPackageReference "FSCalendar" */;
			productName = FSCalendar;
		};
/* End XCSwiftPackageProductDependency section */
	};
	rootObject = 290C89762CECBF560047824C /* Project object */;
}
